
Microsoft Visual Studio Solution File, Format Version 12.00
# Visual Studio Version 16
VisualStudioVersion = 16.0.32126.315
MinimumVisualStudioVersion = 10.0.40219.1
Project("{FAE04EC0-301F-11D3-BF4B-00C04F79EFBC}") = "eShopSolution.WebApp", "eShopSolution.WebApp\eShopSolution.WebApp.csproj", "{28E1C675-C438-4EDC-8E7E-449491726BB6}"
EndProject
Project("{FAE04EC0-301F-11D3-BF4B-00C04F79EFBC}") = "eShopSolution.Database", "eShopSolution.Database\eShopSolution.Database.csproj", "{0322C47F-E332-4976-93B7-8E0C30AB3F80}"
EndProject
Project("{FAE04EC0-301F-11D3-BF4B-00C04F79EFBC}") = "eShopSolution.Application", "eShopSolution.Application\eShopSolution.Application.csproj", "{C6DE6439-6E0B-45C3-A5EF-42D6BC4B0EE6}"
EndProject
Global
	GlobalSection(SolutionConfigurationPlatforms) = preSolution
		Debug|Any CPU = Debug|Any CPU
		Release|Any CPU = Release|Any CPU
	EndGlobalSection
	GlobalSection(ProjectConfigurationPlatforms) = postSolution
		{28E1C675-C438-4EDC-8E7E-449491726BB6}.Debug|Any CPU.ActiveCfg = Debug|Any CPU
		{28E1C675-C438-4EDC-8E7E-449491726BB6}.Debug|Any CPU.Build.0 = Debug|Any CPU
		{28E1C675-C438-4EDC-8E7E-449491726BB6}.Release|Any CPU.ActiveCfg = Release|Any CPU
		{28E1C675-C438-4EDC-8E7E-449491726BB6}.Release|Any CPU.Build.0 = Release|Any CPU
		{0322C47F-E332-4976-93B7-8E0C30AB3F80}.Debug|Any CPU.ActiveCfg = Debug|Any CPU
		{0322C47F-E332-4976-93B7-8E0C30AB3F80}.Debug|Any CPU.Build.0 = Debug|Any CPU
		{0322C47F-E332-4976-93B7-8E0C30AB3F80}.Release|Any CPU.ActiveCfg = Release|Any CPU
		{0322C47F-E332-4976-93B7-8E0C30AB3F80}.Release|Any CPU.Build.0 = Release|Any CPU
		{C6DE6439-6E0B-45C3-A5EF-42D6BC4B0EE6}.Debug|Any CPU.ActiveCfg = Debug|Any CPU
		{C6DE6439-6E0B-45C3-A5EF-42D6BC4B0EE6}.Debug|Any CPU.Build.0 = Debug|Any CPU
		{C6DE6439-6E0B-45C3-A5EF-42D6BC4B0EE6}.Release|Any CPU.ActiveCfg = Release|Any CPU
		{C6DE6439-6E0B-45C3-A5EF-42D6BC4B0EE6}.Release|Any CPU.Build.0 = Release|Any CPU
	EndGlobalSection
	GlobalSection(SolutionProperties) = preSolution
		HideSolutionNode = FALSE
	EndGlobalSection
	GlobalSection(ExtensibilityGlobals) = postSolution
		SolutionGuid = {7AA7AC58-B69C-4B1B-B699-FF6CEB607BC8}
	EndGlobalSection
EndGlobal
